
Microsoft Visual Studio Solution File, Format Version 12.00
# Visual Studio 2015
Project("{FAE04EC0-301F-11D3-BF4B-00C04F79EFBC}") = "TheWill.Plugins", "TheWill.Plugins.csproj", "{5EBA529F-8E06-8C1F-E730-E816C1857612}"
EndProject
Project("{FAE04EC0-301F-11D3-BF4B-00C04F79EFBC}") = "TheWill", "TheWill.csproj", "{54954C06-14C8-08B3-00CD-A2B3FF23F8E9}"
EndProject
Project("{FAE04EC0-301F-11D3-BF4B-00C04F79EFBC}") = "TheWill.Editor.Plugins", "TheWill.Editor.Plugins.csproj", "{BB65A495-7C9B-C6A9-F037-58C2A8D73DC9}"
EndProject
Global
	GlobalSection(SolutionConfigurationPlatforms) = preSolution
		Debug|Any CPU = Debug|Any CPU
		Release|Any CPU = Release|Any CPU
	EndGlobalSection
	GlobalSection(ProjectConfigurationPlatforms) = postSolution
		{5EBA529F-8E06-8C1F-E730-E816C1857612}.Debug|Any CPU.ActiveCfg = Debug|Any CPU
		{5EBA529F-8E06-8C1F-E730-E816C1857612}.Debug|Any CPU.Build.0 = Debug|Any CPU
		{5EBA529F-8E06-8C1F-E730-E816C1857612}.Release|Any CPU.ActiveCfg = Release|Any CPU
		{5EBA529F-8E06-8C1F-E730-E816C1857612}.Release|Any CPU.Build.0 = Release|Any CPU
		{54954C06-14C8-08B3-00CD-A2B3FF23F8E9}.Debug|Any CPU.ActiveCfg = Debug|Any CPU
		{54954C06-14C8-08B3-00CD-A2B3FF23F8E9}.Debug|Any CPU.Build.0 = Debug|Any CPU
		{54954C06-14C8-08B3-00CD-A2B3FF23F8E9}.Release|Any CPU.ActiveCfg = Release|Any CPU
		{54954C06-14C8-08B3-00CD-A2B3FF23F8E9}.Release|Any CPU.Build.0 = Release|Any CPU
		{BB65A495-7C9B-C6A9-F037-58C2A8D73DC9}.Debug|Any CPU.ActiveCfg = Debug|Any CPU
		{BB65A495-7C9B-C6A9-F037-58C2A8D73DC9}.Debug|Any CPU.Build.0 = Debug|Any CPU
		{BB65A495-7C9B-C6A9-F037-58C2A8D73DC9}.Release|Any CPU.ActiveCfg = Release|Any CPU
		{BB65A495-7C9B-C6A9-F037-58C2A8D73DC9}.Release|Any CPU.Build.0 = Release|Any CPU
	EndGlobalSection
	GlobalSection(SolutionProperties) = preSolution
		HideSolutionNode = FALSE
	EndGlobalSection
EndGlobal
